
Microsoft Visual Studio Solution File, Format Version 12.00
# Visual Studio Version 17
VisualStudioVersion = 17.7.34221.43
MinimumVisualStudioVersion = 10.0.40219.1
Project("{FAE04EC0-301F-11D3-BF4B-00C04F79EFBC}") = "Cloud Computing Simple Web App", "Cloud Computing Simple Web App\Cloud Computing Simple Web App.csproj", "{8F8F5E4B-D0E8-4D78-BB13-A787CCBDB1BE}"
EndProject
Global
	GlobalSection(SolutionConfigurationPlatforms) = preSolution
		Debug|Any CPU = Debug|Any CPU
		Release|Any CPU = Release|Any CPU
	EndGlobalSection
	GlobalSection(ProjectConfigurationPlatforms) = postSolution
		{8F8F5E4B-D0E8-4D78-BB13-A787CCBDB1BE}.Debug|Any CPU.ActiveCfg = Debug|Any CPU
		{8F8F5E4B-D0E8-4D78-BB13-A787CCBDB1BE}.Debug|Any CPU.Build.0 = Debug|Any CPU
		{8F8F5E4B-D0E8-4D78-BB13-A787CCBDB1BE}.Release|Any CPU.ActiveCfg = Release|Any CPU
		{8F8F5E4B-D0E8-4D78-BB13-A787CCBDB1BE}.Release|Any CPU.Build.0 = Release|Any CPU
	EndGlobalSection
	GlobalSection(SolutionProperties) = preSolution
		HideSolutionNode = FALSE
	EndGlobalSection
	GlobalSection(ExtensibilityGlobals) = postSolution
		SolutionGuid = {0AB9554B-1C53-4C0B-8514-DFEAFF4EF9B9}
	EndGlobalSection
EndGlobal
